
Microsoft Visual Studio Solution File, Format Version 12.00
Project("{FAE04EC0-301F-11D3-BF4B-00C04F79EFBC}") = "OperatorsExercise", "OperatorsExercise\OperatorsExercise.csproj", "{1B2F535F-3876-4171-9921-4DDDCB90B121}"
EndProject
Global
	GlobalSection(SolutionConfigurationPlatforms) = preSolution
		Debug|Any CPU = Debug|Any CPU
		Release|Any CPU = Release|Any CPU
	EndGlobalSection
	GlobalSection(ProjectConfigurationPlatforms) = postSolution
		{1B2F535F-3876-4171-9921-4DDDCB90B121}.Debug|Any CPU.ActiveCfg = Debug|Any CPU
		{1B2F535F-3876-4171-9921-4DDDCB90B121}.Debug|Any CPU.Build.0 = Debug|Any CPU
		{1B2F535F-3876-4171-9921-4DDDCB90B121}.Release|Any CPU.ActiveCfg = Release|Any CPU
		{1B2F535F-3876-4171-9921-4DDDCB90B121}.Release|Any CPU.Build.0 = Release|Any CPU
	EndGlobalSection
EndGlobal
